
Microsoft Visual Studio Solution File, Format Version 12.00
# Visual Studio 15
VisualStudioVersion = 15.0.27130.2010
MinimumVisualStudioVersion = 10.0.40219.1
Project("{FAE04EC0-301F-11D3-BF4B-00C04F79EFBC}") = "TelegramBotIoT", "TelegramBotIoT\TelegramBotIoT.csproj", "{8F766F3E-61AE-4C79-B2A3-B6EAAA2F3EBA}"
EndProject
Project("{FAE04EC0-301F-11D3-BF4B-00C04F79EFBC}") = "BusinessLogic", "BusinessLogic\BusinessLogic.csproj", "{D2018213-F422-47B0-9FB6-1ECA306625F8}"
EndProject
Project("{FAE04EC0-301F-11D3-BF4B-00C04F79EFBC}") = "BusinessLogicInterfaces", "BusinessLogicInterfaces\BusinessLogicInterfaces.csproj", "{D33A0FAF-DE11-4464-B01D-EB596A0A630A}"
EndProject
Project("{FAE04EC0-301F-11D3-BF4B-00C04F79EFBC}") = "Common", "Common\Common.csproj", "{CA4A1830-CF1D-48E1-B02E-6FB4FAD212F2}"
EndProject
Project("{FAE04EC0-301F-11D3-BF4B-00C04F79EFBC}") = "SqlDataServices", "DataServices\SqlDataServices.csproj", "{92431814-95FD-4C82-BC4D-0365536F2751}"
EndProject
Project("{FAE04EC0-301F-11D3-BF4B-00C04F79EFBC}") = "Entities", "Entities\Entities.csproj", "{3A579989-BF8B-425A-8BB9-72C731C75AD3}"
EndProject
Project("{FAE04EC0-301F-11D3-BF4B-00C04F79EFBC}") = "IDataServices", "IDataServices\IDataServices.csproj", "{0C64F722-59DC-4B91-A86B-EB816EFAE235}"
EndProject
Project("{2150E333-8FDC-42A3-9474-1A3956D46DE8}") = "DataServices", "DataServices", "{0DE7C0D6-D70C-45C8-8B56-7A6507015B5A}"
EndProject
Project("{FAE04EC0-301F-11D3-BF4B-00C04F79EFBC}") = "WebApiDataServices", "WebApiDataServices\WebApiDataServices.csproj", "{74B477C2-539A-4165-AFA7-61FB3C331BFC}"
EndProject
Global
	GlobalSection(SolutionConfigurationPlatforms) = preSolution
		Debug|Any CPU = Debug|Any CPU
		Debug|ARM = Debug|ARM
		Debug|x64 = Debug|x64
		Debug|x86 = Debug|x86
		Release|Any CPU = Release|Any CPU
		Release|ARM = Release|ARM
		Release|x64 = Release|x64
		Release|x86 = Release|x86
	EndGlobalSection
	GlobalSection(ProjectConfigurationPlatforms) = postSolution
		{8F766F3E-61AE-4C79-B2A3-B6EAAA2F3EBA}.Debug|Any CPU.ActiveCfg = Debug|x86
		{8F766F3E-61AE-4C79-B2A3-B6EAAA2F3EBA}.Debug|ARM.ActiveCfg = Debug|ARM
		{8F766F3E-61AE-4C79-B2A3-B6EAAA2F3EBA}.Debug|ARM.Build.0 = Debug|ARM
		{8F766F3E-61AE-4C79-B2A3-B6EAAA2F3EBA}.Debug|ARM.Deploy.0 = Debug|ARM
		{8F766F3E-61AE-4C79-B2A3-B6EAAA2F3EBA}.Debug|x64.ActiveCfg = Debug|x64
		{8F766F3E-61AE-4C79-B2A3-B6EAAA2F3EBA}.Debug|x64.Build.0 = Debug|x64
		{8F766F3E-61AE-4C79-B2A3-B6EAAA2F3EBA}.Debug|x64.Deploy.0 = Debug|x64
		{8F766F3E-61AE-4C79-B2A3-B6EAAA2F3EBA}.Debug|x86.ActiveCfg = Debug|x86
		{8F766F3E-61AE-4C79-B2A3-B6EAAA2F3EBA}.Debug|x86.Build.0 = Debug|x86
		{8F766F3E-61AE-4C79-B2A3-B6EAAA2F3EBA}.Debug|x86.Deploy.0 = Debug|x86
		{8F766F3E-61AE-4C79-B2A3-B6EAAA2F3EBA}.Release|Any CPU.ActiveCfg = Release|x86
		{8F766F3E-61AE-4C79-B2A3-B6EAAA2F3EBA}.Release|ARM.ActiveCfg = Release|ARM
		{8F766F3E-61AE-4C79-B2A3-B6EAAA2F3EBA}.Release|ARM.Build.0 = Release|ARM
		{8F766F3E-61AE-4C79-B2A3-B6EAAA2F3EBA}.Release|ARM.Deploy.0 = Release|ARM
		{8F766F3E-61AE-4C79-B2A3-B6EAAA2F3EBA}.Release|x64.ActiveCfg = Release|x64
		{8F766F3E-61AE-4C79-B2A3-B6EAAA2F3EBA}.Release|x64.Build.0 = Release|x64
		{8F766F3E-61AE-4C79-B2A3-B6EAAA2F3EBA}.Release|x64.Deploy.0 = Release|x64
		{8F766F3E-61AE-4C79-B2A3-B6EAAA2F3EBA}.Release|x86.ActiveCfg = Release|x86
		{8F766F3E-61AE-4C79-B2A3-B6EAAA2F3EBA}.Release|x86.Build.0 = Release|x86
		{8F766F3E-61AE-4C79-B2A3-B6EAAA2F3EBA}.Release|x86.Deploy.0 = Release|x86
		{D2018213-F422-47B0-9FB6-1ECA306625F8}.Debug|Any CPU.ActiveCfg = Debug|Any CPU
		{D2018213-F422-47B0-9FB6-1ECA306625F8}.Debug|Any CPU.Build.0 = Debug|Any CPU
		{D2018213-F422-47B0-9FB6-1ECA306625F8}.Debug|ARM.ActiveCfg = Debug|ARM
		{D2018213-F422-47B0-9FB6-1ECA306625F8}.Debug|ARM.Build.0 = Debug|ARM
		{D2018213-F422-47B0-9FB6-1ECA306625F8}.Debug|x64.ActiveCfg = Debug|x64
		{D2018213-F422-47B0-9FB6-1ECA306625F8}.Debug|x64.Build.0 = Debug|x64
		{D2018213-F422-47B0-9FB6-1ECA306625F8}.Debug|x86.ActiveCfg = Debug|x86
		{D2018213-F422-47B0-9FB6-1ECA306625F8}.Debug|x86.Build.0 = Debug|x86
		{D2018213-F422-47B0-9FB6-1ECA306625F8}.Release|Any CPU.ActiveCfg = Release|Any CPU
		{D2018213-F422-47B0-9FB6-1ECA306625F8}.Release|Any CPU.Build.0 = Release|Any CPU
		{D2018213-F422-47B0-9FB6-1ECA306625F8}.Release|ARM.ActiveCfg = Release|ARM
		{D2018213-F422-47B0-9FB6-1ECA306625F8}.Release|ARM.Build.0 = Release|ARM
		{D2018213-F422-47B0-9FB6-1ECA306625F8}.Release|x64.ActiveCfg = Release|x64
		{D2018213-F422-47B0-9FB6-1ECA306625F8}.Release|x64.Build.0 = Release|x64
		{D2018213-F422-47B0-9FB6-1ECA306625F8}.Release|x86.ActiveCfg = Release|x86
		{D2018213-F422-47B0-9FB6-1ECA306625F8}.Release|x86.Build.0 = Release|x86
		{D33A0FAF-DE11-4464-B01D-EB596A0A630A}.Debug|Any CPU.ActiveCfg = Debug|Any CPU
		{D33A0FAF-DE11-4464-B01D-EB596A0A630A}.Debug|Any CPU.Build.0 = Debug|Any CPU
		{D33A0FAF-DE11-4464-B01D-EB596A0A630A}.Debug|ARM.ActiveCfg = Debug|ARM
		{D33A0FAF-DE11-4464-B01D-EB596A0A630A}.Debug|ARM.Build.0 = Debug|ARM
		{D33A0FAF-DE11-4464-B01D-EB596A0A630A}.Debug|x64.ActiveCfg = Debug|x64
		{D33A0FAF-DE11-4464-B01D-EB596A0A630A}.Debug|x64.Build.0 = Debug|x64
		{D33A0FAF-DE11-4464-B01D-EB596A0A630A}.Debug|x86.ActiveCfg = Debug|x86
		{D33A0FAF-DE11-4464-B01D-EB596A0A630A}.Debug|x86.Build.0 = Debug|x86
		{D33A0FAF-DE11-4464-B01D-EB596A0A630A}.Release|Any CPU.ActiveCfg = Release|Any CPU
		{D33A0FAF-DE11-4464-B01D-EB596A0A630A}.Release|Any CPU.Build.0 = Release|Any CPU
		{D33A0FAF-DE11-4464-B01D-EB596A0A630A}.Release|ARM.ActiveCfg = Release|ARM
		{D33A0FAF-DE11-4464-B01D-EB596A0A630A}.Release|ARM.Build.0 = Release|ARM
		{D33A0FAF-DE11-4464-B01D-EB596A0A630A}.Release|x64.ActiveCfg = Release|x64
		{D33A0FAF-DE11-4464-B01D-EB596A0A630A}.Release|x64.Build.0 = Release|x64
		{D33A0FAF-DE11-4464-B01D-EB596A0A630A}.Release|x86.ActiveCfg = Release|x86
		{D33A0FAF-DE11-4464-B01D-EB596A0A630A}.Release|x86.Build.0 = Release|x86
		{CA4A1830-CF1D-48E1-B02E-6FB4FAD212F2}.Debug|Any CPU.ActiveCfg = Debug|Any CPU
		{CA4A1830-CF1D-48E1-B02E-6FB4FAD212F2}.Debug|Any CPU.Build.0 = Debug|Any CPU
		{CA4A1830-CF1D-48E1-B02E-6FB4FAD212F2}.Debug|ARM.ActiveCfg = Debug|ARM
		{CA4A1830-CF1D-48E1-B02E-6FB4FAD212F2}.Debug|ARM.Build.0 = Debug|ARM
		{CA4A1830-CF1D-48E1-B02E-6FB4FAD212F2}.Debug|x64.ActiveCfg = Debug|x64
		{CA4A1830-CF1D-48E1-B02E-6FB4FAD212F2}.Debug|x64.Build.0 = Debug|x64
		{CA4A1830-CF1D-48E1-B02E-6FB4FAD212F2}.Debug|x86.ActiveCfg = Debug|x86
		{CA4A1830-CF1D-48E1-B02E-6FB4FAD212F2}.Debug|x86.Build.0 = Debug|x86
		{CA4A1830-CF1D-48E1-B02E-6FB4FAD212F2}.Release|Any CPU.ActiveCfg = Release|Any CPU
		{CA4A1830-CF1D-48E1-B02E-6FB4FAD212F2}.Release|Any CPU.Build.0 = Release|Any CPU
		{CA4A1830-CF1D-48E1-B02E-6FB4FAD212F2}.Release|ARM.ActiveCfg = Release|ARM
		{CA4A1830-CF1D-48E1-B02E-6FB4FAD212F2}.Release|ARM.Build.0 = Release|ARM
		{CA4A1830-CF1D-48E1-B02E-6FB4FAD212F2}.Release|x64.ActiveCfg = Release|x64
		{CA4A1830-CF1D-48E1-B02E-6FB4FAD212F2}.Release|x64.Build.0 = Release|x64
		{CA4A1830-CF1D-48E1-B02E-6FB4FAD212F2}.Release|x86.ActiveCfg = Release|x86
		{CA4A1830-CF1D-48E1-B02E-6FB4FAD212F2}.Release|x86.Build.0 = Release|x86
		{92431814-95FD-4C82-BC4D-0365536F2751}.Debug|Any CPU.ActiveCfg = Debug|Any CPU
		{92431814-95FD-4C82-BC4D-0365536F2751}.Debug|Any CPU.Build.0 = Debug|Any CPU
		{92431814-95FD-4C82-BC4D-0365536F2751}.Debug|ARM.ActiveCfg = Debug|ARM
		{92431814-95FD-4C82-BC4D-0365536F2751}.Debug|ARM.Build.0 = Debug|ARM
		{92431814-95FD-4C82-BC4D-0365536F2751}.Debug|x64.ActiveCfg = Debug|x64
		{92431814-95FD-4C82-BC4D-0365536F2751}.Debug|x64.Build.0 = Debug|x64
		{92431814-95FD-4C82-BC4D-0365536F2751}.Debug|x86.ActiveCfg = Debug|x86
		{92431814-95FD-4C82-BC4D-0365536F2751}.Debug|x86.Build.0 = Debug|x86
		{92431814-95FD-4C82-BC4D-0365536F2751}.Release|Any CPU.ActiveCfg = Release|Any CPU
		{92431814-95FD-4C82-BC4D-0365536F2751}.Release|Any CPU.Build.0 = Release|Any CPU
		{92431814-95FD-4C82-BC4D-0365536F2751}.Release|ARM.ActiveCfg = Release|ARM
		{92431814-95FD-4C82-BC4D-0365536F2751}.Release|ARM.Build.0 = Release|ARM
		{92431814-95FD-4C82-BC4D-0365536F2751}.Release|x64.ActiveCfg = Release|x64
		{92431814-95FD-4C82-BC4D-0365536F2751}.Release|x64.Build.0 = Release|x64
		{92431814-95FD-4C82-BC4D-0365536F2751}.Release|x86.ActiveCfg = Release|x86
		{92431814-95FD-4C82-BC4D-0365536F2751}.Release|x86.Build.0 = Release|x86
		{3A579989-BF8B-425A-8BB9-72C731C75AD3}.Debug|Any CPU.ActiveCfg = Debug|Any CPU
		{3A579989-BF8B-425A-8BB9-72C731C75AD3}.Debug|Any CPU.Build.0 = Debug|Any CPU
		{3A579989-BF8B-425A-8BB9-72C731C75AD3}.Debug|ARM.ActiveCfg = Debug|ARM
		{3A579989-BF8B-425A-8BB9-72C731C75AD3}.Debug|ARM.Build.0 = Debug|ARM
		{3A579989-BF8B-425A-8BB9-72C731C75AD3}.Debug|x64.ActiveCfg = Debug|x64
		{3A579989-BF8B-425A-8BB9-72C731C75AD3}.Debug|x64.Build.0 = Debug|x64
		{3A579989-BF8B-425A-8BB9-72C731C75AD3}.Debug|x86.ActiveCfg = Debug|x86
		{3A579989-BF8B-425A-8BB9-72C731C75AD3}.Debug|x86.Build.0 = Debug|x86
		{3A579989-BF8B-425A-8BB9-72C731C75AD3}.Release|Any CPU.ActiveCfg = Release|Any CPU
		{3A579989-BF8B-425A-8BB9-72C731C75AD3}.Release|Any CPU.Build.0 = Release|Any CPU
		{3A579989-BF8B-425A-8BB9-72C731C75AD3}.Release|ARM.ActiveCfg = Release|ARM
		{3A579989-BF8B-425A-8BB9-72C731C75AD3}.Release|ARM.Build.0 = Release|ARM
		{3A579989-BF8B-425A-8BB9-72C731C75AD3}.Release|x64.ActiveCfg = Release|x64
		{3A579989-BF8B-425A-8BB9-72C731C75AD3}.Release|x64.Build.0 = Release|x64
		{3A579989-BF8B-425A-8BB9-72C731C75AD3}.Release|x86.ActiveCfg = Release|x86
		{3A579989-BF8B-425A-8BB9-72C731C75AD3}.Release|x86.Build.0 = Release|x86
		{0C64F722-59DC-4B91-A86B-EB816EFAE235}.Debug|Any CPU.ActiveCfg = Debug|Any CPU
		{0C64F722-59DC-4B91-A86B-EB816EFAE235}.Debug|Any CPU.Build.0 = Debug|Any CPU
		{0C64F722-59DC-4B91-A86B-EB816EFAE235}.Debug|ARM.ActiveCfg = Debug|ARM
		{0C64F722-59DC-4B91-A86B-EB816EFAE235}.Debug|ARM.Build.0 = Debug|ARM
		{0C64F722-59DC-4B91-A86B-EB816EFAE235}.Debug|x64.ActiveCfg = Debug|x64
		{0C64F722-59DC-4B91-A86B-EB816EFAE235}.Debug|x64.Build.0 = Debug|x64
		{0C64F722-59DC-4B91-A86B-EB816EFAE235}.Debug|x86.ActiveCfg = Debug|x86
		{0C64F722-59DC-4B91-A86B-EB816EFAE235}.Debug|x86.Build.0 = Debug|x86
		{0C64F722-59DC-4B91-A86B-EB816EFAE235}.Release|Any CPU.ActiveCfg = Release|Any CPU
		{0C64F722-59DC-4B91-A86B-EB816EFAE235}.Release|Any CPU.Build.0 = Release|Any CPU
		{0C64F722-59DC-4B91-A86B-EB816EFAE235}.Release|ARM.ActiveCfg = Release|ARM
		{0C64F722-59DC-4B91-A86B-EB816EFAE235}.Release|ARM.Build.0 = Release|ARM
		{0C64F722-59DC-4B91-A86B-EB816EFAE235}.Release|x64.ActiveCfg = Release|x64
		{0C64F722-59DC-4B91-A86B-EB816EFAE235}.Release|x64.Build.0 = Release|x64
		{0C64F722-59DC-4B91-A86B-EB816EFAE235}.Release|x86.ActiveCfg = Release|x86
		{0C64F722-59DC-4B91-A86B-EB816EFAE235}.Release|x86.Build.0 = Release|x86
		{74B477C2-539A-4165-AFA7-61FB3C331BFC}.Debug|Any CPU.ActiveCfg = Debug|Any CPU
		{74B477C2-539A-4165-AFA7-61FB3C331BFC}.Debug|Any CPU.Build.0 = Debug|Any CPU
		{74B477C2-539A-4165-AFA7-61FB3C331BFC}.Debug|ARM.ActiveCfg = Debug|ARM
		{74B477C2-539A-4165-AFA7-61FB3C331BFC}.Debug|ARM.Build.0 = Debug|ARM
		{74B477C2-539A-4165-AFA7-61FB3C331BFC}.Debug|x64.ActiveCfg = Debug|x64
		{74B477C2-539A-4165-AFA7-61FB3C331BFC}.Debug|x64.Build.0 = Debug|x64
		{74B477C2-539A-4165-AFA7-61FB3C331BFC}.Debug|x86.ActiveCfg = Debug|x86
		{74B477C2-539A-4165-AFA7-61FB3C331BFC}.Debug|x86.Build.0 = Debug|x86
		{74B477C2-539A-4165-AFA7-61FB3C331BFC}.Release|Any CPU.ActiveCfg = Release|Any CPU
		{74B477C2-539A-4165-AFA7-61FB3C331BFC}.Release|Any CPU.Build.0 = Release|Any CPU
		{74B477C2-539A-4165-AFA7-61FB3C331BFC}.Release|ARM.ActiveCfg = Release|ARM
		{74B477C2-539A-4165-AFA7-61FB3C331BFC}.Release|ARM.Build.0 = Release|ARM
		{74B477C2-539A-4165-AFA7-61FB3C331BFC}.Release|x64.ActiveCfg = Release|x64
		{74B477C2-539A-4165-AFA7-61FB3C331BFC}.Release|x64.Build.0 = Release|x64
		{74B477C2-539A-4165-AFA7-61FB3C331BFC}.Release|x86.ActiveCfg = Release|x86
		{74B477C2-539A-4165-AFA7-61FB3C331BFC}.Release|x86.Build.0 = Release|x86
	EndGlobalSection
	GlobalSection(SolutionProperties) = preSolution
		HideSolutionNode = FALSE
	EndGlobalSection
	GlobalSection(NestedProjects) = preSolution
		{92431814-95FD-4C82-BC4D-0365536F2751} = {0DE7C0D6-D70C-45C8-8B56-7A6507015B5A}
		{0C64F722-59DC-4B91-A86B-EB816EFAE235} = {0DE7C0D6-D70C-45C8-8B56-7A6507015B5A}
		{74B477C2-539A-4165-AFA7-61FB3C331BFC} = {0DE7C0D6-D70C-45C8-8B56-7A6507015B5A}
	EndGlobalSection
	GlobalSection(ExtensibilityGlobals) = postSolution
		SolutionGuid = {ED74610D-FC8A-4556-BF47-E931EA27BB98}
	EndGlobalSection
EndGlobal
